{
    "version": 3,
    "terraform_version": "0.11.7",
    "serial": 5,
    "lineage": "1d2668eb-56bf-c679-7450-908221841628",
    "modules": [
        {
            "path": [
                "root"
            ],
            "outputs": {},
            "resources": {
                "azurerm_container_registry.votingcr": {
                    "type": "azurerm_container_registry",
                    "depends_on": [
                        "azurerm_resource_group.rg",
                        "azurerm_storage_account.votingsa"
                    ],
                    "primary": {
                        "id": "/subscriptions/44fc5bd9-2fee-4b06-99d8-a1011a4d03f9/resourceGroups/RGEU2VOTED01/providers/Microsoft.ContainerRegistry/registries/creu2voted01",
                        "attributes": {
                            "admin_enabled": "true",
                            "admin_password": "+IX6anxex9abP7ya5aVfzM8tL9NBCK7F",
                            "admin_username": "creu2voted01",
                            "id": "/subscriptions/44fc5bd9-2fee-4b06-99d8-a1011a4d03f9/resourceGroups/RGEU2VOTED01/providers/Microsoft.ContainerRegistry/registries/creu2voted01",
                            "location": "eastus2",
                            "login_server": "creu2voted01.azurecr.io",
                            "name": "creu2voted01",
                            "resource_group_name": "RGEU2VOTED01",
                            "sku": "Classic",
                            "storage_account_id": "/subscriptions/44fc5bd9-2fee-4b06-99d8-a1011a4d03f9/resourceGroups/RGEU2VOTED01/providers/Microsoft.Storage/storageAccounts/saeu2voted01",
                            "tags.%": "0"
                        },
                        "meta": {
                            "schema_version": "2"
                        },
                        "tainted": false
                    },
                    "deposed": [],
                    "provider": "provider.azurerm"
                },
                "azurerm_resource_group.rg": {
                    "type": "azurerm_resource_group",
                    "depends_on": [],
                    "primary": {
                        "id": "/subscriptions/44fc5bd9-2fee-4b06-99d8-a1011a4d03f9/resourceGroups/RGEU2VOTED01",
                        "attributes": {
                            "id": "/subscriptions/44fc5bd9-2fee-4b06-99d8-a1011a4d03f9/resourceGroups/RGEU2VOTED01",
                            "location": "eastus2",
                            "name": "RGEU2VOTED01",
                            "tags.%": "0"
                        },
                        "meta": {},
                        "tainted": false
                    },
                    "deposed": [],
                    "provider": "provider.azurerm"
                },
                "azurerm_storage_account.votingsa": {
                    "type": "azurerm_storage_account",
                    "depends_on": [
                        "azurerm_resource_group.rg"
                    ],
                    "primary": {
                        "id": "/subscriptions/44fc5bd9-2fee-4b06-99d8-a1011a4d03f9/resourceGroups/RGEU2VOTED01/providers/Microsoft.Storage/storageAccounts/saeu2voted01",
                        "attributes": {
                            "access_tier": "",
                            "account_encryption_source": "Microsoft.Storage",
                            "account_kind": "Storage",
                            "account_replication_type": "GRS",
                            "account_tier": "Standard",
                            "account_type": "Standard_GRS",
                            "enable_blob_encryption": "true",
                            "enable_file_encryption": "true",
                            "enable_https_traffic_only": "false",
                            "id": "/subscriptions/44fc5bd9-2fee-4b06-99d8-a1011a4d03f9/resourceGroups/RGEU2VOTED01/providers/Microsoft.Storage/storageAccounts/saeu2voted01",
                            "location": "eastus2",
                            "name": "saeu2voted01",
                            "primary_access_key": "ocNlOgO3Y8B4k2Rga//ja1EKM1fA9zljSqdlxvC65f9Lm2Pq3Qgdi7nlGtn10In6IQRyroOhTpQ0Jx4xvjF6Og==",
                            "primary_blob_connection_string": "DefaultEndpointsProtocol=https;BlobEndpoint=https://saeu2voted01.blob.core.windows.net/;AccountName=saeu2voted01;AccountKey=ocNlOgO3Y8B4k2Rga//ja1EKM1fA9zljSqdlxvC65f9Lm2Pq3Qgdi7nlGtn10In6IQRyroOhTpQ0Jx4xvjF6Og==",
                            "primary_blob_endpoint": "https://saeu2voted01.blob.core.windows.net/",
                            "primary_connection_string": "DefaultEndpointsProtocol=https;AccountName=saeu2voted01;AccountKey=ocNlOgO3Y8B4k2Rga//ja1EKM1fA9zljSqdlxvC65f9Lm2Pq3Qgdi7nlGtn10In6IQRyroOhTpQ0Jx4xvjF6Og==;EndpointSuffix=core.windows.net",
                            "primary_file_endpoint": "https://saeu2voted01.file.core.windows.net/",
                            "primary_location": "eastus2",
                            "primary_queue_endpoint": "https://saeu2voted01.queue.core.windows.net/",
                            "primary_table_endpoint": "https://saeu2voted01.table.core.windows.net/",
                            "resource_group_name": "RGEU2VOTED01",
                            "secondary_access_key": "yVvZBXg6/vvjrzZLQsCbKLruVfYDCWiBhDGvSPab4CbJgOknIre/TFa6h9EUB2IXVfvGnTDR9a8nrTsGuKr3aw==",
                            "secondary_connection_string": "DefaultEndpointsProtocol=https;AccountName=saeu2voted01;AccountKey=yVvZBXg6/vvjrzZLQsCbKLruVfYDCWiBhDGvSPab4CbJgOknIre/TFa6h9EUB2IXVfvGnTDR9a8nrTsGuKr3aw==;EndpointSuffix=core.windows.net",
                            "secondary_location": "centralus",
                            "tags.%": "0"
                        },
                        "meta": {
                            "schema_version": "2"
                        },
                        "tainted": false
                    },
                    "deposed": [],
                    "provider": "provider.azurerm"
                }
            },
            "depends_on": []
        }
    ]
}
